// !$*UTF8*$!
{
	archiveVersion = 1;
	classes = {
	};
	objectVersion = 50;
	objects = {

/* Begin PBXBuildFile section */
		3BAF59EC212182C000455168 /* LJCalView.m in Sources */ = {isa = PBXBuildFile; fileRef = 3BAF59EB212182C000455168 /* LJCalView.m */; };
		3BEAF2DA21213D56003BE3A4 /* AppDelegate.m in Sources */ = {isa = PBXBuildFile; fileRef = 3BEAF2D921213D56003BE3A4 /* AppDelegate.m */; };
		3BEAF2DD21213D56003BE3A4 /* ViewController.m in Sources */ = {isa = PBXBuildFile; fileRef = 3BEAF2DC21213D56003BE3A4 /* ViewController.m */; };
		3BEAF2E021213D56003BE3A4 /* Main.storyboard in Resources */ = {isa = PBXBuildFile; fileRef = 3BEAF2DE21213D56003BE3A4 /* Main.storyboard */; };
		3BEAF2E321213D56003BE3A4 /* Cal.xcdatamodeld in Sources */ = {isa = PBXBuildFile; fileRef = 3BEAF2E121213D56003BE3A4 /* Cal.xcdatamodeld */; };
		3BEAF2E521213D57003BE3A4 /* Assets.xcassets in Resources */ = {isa = PBXBuildFile; fileRef = 3BEAF2E421213D57003BE3A4 /* Assets.xcassets */; };
		3BEAF2E821213D57003BE3A4 /* LaunchScreen.storyboard in Resources */ = {isa = PBXBuildFile; fileRef = 3BEAF2E621213D57003BE3A4 /* LaunchScreen.storyboard */; };
		3BEAF2EB21213D57003BE3A4 /* main.m in Sources */ = {isa = PBXBuildFile; fileRef = 3BEAF2EA21213D57003BE3A4 /* main.m */; };
		3BEAF2F521213D57003BE3A4 /* CalTests.m in Sources */ = {isa = PBXBuildFile; fileRef = 3BEAF2F421213D57003BE3A4 /* CalTests.m */; };
		3BEAF30021213D57003BE3A4 /* CalUITests.m in Sources */ = {isa = PBXBuildFile; fileRef = 3BEAF2FF21213D57003BE3A4 /* CalUITests.m */; };
		3BEAF30E21213D6A003BE3A4 /* readme.md in Resources */ = {isa = PBXBuildFile; fileRef = 3BEAF30D21213D6A003BE3A4 /* readme.md */; };
		3BEAF31121215C4A003BE3A4 /* LJFastModel.m in Sources */ = {isa = PBXBuildFile; fileRef = 3BEAF31021215C4A003BE3A4 /* LJFastModel.m */; };
/* End PBXBuildFile section */

/* Begin PBXContainerItemProxy section */
		3BEAF2F121213D57003BE3A4 /* PBXContainerItemProxy */ = {
			isa = PBXContainerItemProxy;
			containerPortal = 3BEAF2CD21213D56003BE3A4 /* Project object */;
			proxyType = 1;
			remoteGlobalIDString = 3BEAF2D421213D56003BE3A4;
			remoteInfo = Cal;
		};
		3BEAF2FC21213D57003BE3A4 /* PBXContainerItemProxy */ = {
			isa = PBXContainerItemProxy;
			containerPortal = 3BEAF2CD21213D56003BE3A4 /* Project object */;
			proxyType = 1;
			remoteGlobalIDString = 3BEAF2D421213D56003BE3A4;
			remoteInfo = Cal;
		};
/* End PBXContainerItemProxy section */

/* Begin PBXFileReference section */
		3BAF59EA212182C000455168 /* LJCalView.h */ = {isa = PBXFileReference; lastKnownFileType = sourcecode.c.h; path = LJCalView.h; sourceTree = "<group>"; };
		3BAF59EB212182C000455168 /* LJCalView.m */ = {isa = PBXFileReference; lastKnownFileType = sourcecode.c.objc; path = LJCalView.m; sourceTree = "<group>"; };
		3BEAF2D521213D56003BE3A4 /* Cal.app */ = {isa = PBXFileReference; explicitFileType = wrapper.application; includeInIndex = 0; path = Cal.app; sourceTree = BUILT_PRODUCTS_DIR; };
		3BEAF2D821213D56003BE3A4 /* AppDelegate.h */ = {isa = PBXFileReference; lastKnownFileType = sourcecode.c.h; path = AppDelegate.h; sourceTree = "<group>"; };
		3BEAF2D921213D56003BE3A4 /* AppDelegate.m */ = {isa = PBXFileReference; lastKnownFileType = sourcecode.c.objc; path = AppDelegate.m; sourceTree = "<group>"; };
		3BEAF2DB21213D56003BE3A4 /* ViewController.h */ = {isa = PBXFileReference; lastKnownFileType = sourcecode.c.h; path = ViewController.h; sourceTree = "<group>"; };
		3BEAF2DC21213D56003BE3A4 /* ViewController.m */ = {isa = PBXFileReference; lastKnownFileType = sourcecode.c.objc; path = ViewController.m; sourceTree = "<group>"; };
		3BEAF2DF21213D56003BE3A4 /* Base */ = {isa = PBXFileReference; lastKnownFileType = file.storyboard; name = Base; path = Base.lproj/Main.storyboard; sourceTree = "<group>"; };
		3BEAF2E221213D56003BE3A4 /* Cal.xcdatamodel */ = {isa = PBXFileReference; lastKnownFileType = wrapper.xcdatamodel; path = Cal.xcdatamodel; sourceTree = "<group>"; };
		3BEAF2E421213D57003BE3A4 /* Assets.xcassets */ = {isa = PBXFileReference; lastKnownFileType = folder.assetcatalog; path = Assets.xcassets; sourceTree = "<group>"; };
		3BEAF2E721213D57003BE3A4 /* Base */ = {isa = PBXFileReference; lastKnownFileType = file.storyboard; name = Base; path = Base.lproj/LaunchScreen.storyboard; sourceTree = "<group>"; };
		3BEAF2E921213D57003BE3A4 /* Info.plist */ = {isa = PBXFileReference; lastKnownFileType = text.plist.xml; path = Info.plist; sourceTree = "<group>"; };
		3BEAF2EA21213D57003BE3A4 /* main.m */ = {isa = PBXFileReference; lastKnownFileType = sourcecode.c.objc; path = main.m; sourceTree = "<group>"; };
		3BEAF2F021213D57003BE3A4 /* CalTests.xctest */ = {isa = PBXFileReference; explicitFileType = wrapper.cfbundle; includeInIndex = 0; path = CalTests.xctest; sourceTree = BUILT_PRODUCTS_DIR; };
		3BEAF2F421213D57003BE3A4 /* CalTests.m */ = {isa = PBXFileReference; lastKnownFileType = sourcecode.c.objc; path = CalTests.m; sourceTree = "<group>"; };
		3BEAF2F621213D57003BE3A4 /* Info.plist */ = {isa = PBXFileReference; lastKnownFileType = text.plist.xml; path = Info.plist; sourceTree = "<group>"; };
		3BEAF2FB21213D57003BE3A4 /* CalUITests.xctest */ = {isa = PBXFileReference; explicitFileType = wrapper.cfbundle; includeInIndex = 0; path = CalUITests.xctest; sourceTree = BUILT_PRODUCTS_DIR; };
		3BEAF2FF21213D57003BE3A4 /* CalUITests.m */ = {isa = PBXFileReference; lastKnownFileType = sourcecode.c.objc; path = CalUITests.m; sourceTree = "<group>"; };
		3BEAF30121213D57003BE3A4 /* Info.plist */ = {isa = PBXFileReference; lastKnownFileType = text.plist.xml; path = Info.plist; sourceTree = "<group>"; };
		3BEAF30D21213D6A003BE3A4 /* readme.md */ = {isa = PBXFileReference; lastKnownFileType = net.daringfireball.markdown; path = readme.md; sourceTree = "<group>"; };
		3BEAF30F21215C4A003BE3A4 /* LJFastModel.h */ = {isa = PBXFileReference; lastKnownFileType = sourcecode.c.h; path = LJFastModel.h; sourceTree = "<group>"; };
		3BEAF31021215C4A003BE3A4 /* LJFastModel.m */ = {isa = PBXFileReference; lastKnownFileType = sourcecode.c.objc; path = LJFastModel.m; sourceTree = "<group>"; };
/* End PBXFileReference section */

/* Begin PBXFrameworksBuildPhase section */
		3BEAF2D221213D56003BE3A4 /* Frameworks */ = {
			isa = PBXFrameworksBuildPhase;
			buildActionMask = 2147483647;
			files = (
			);
			runOnlyForDeploymentPostprocessing = 0;
		};
		3BEAF2ED21213D57003BE3A4 /* Frameworks */ = {
			isa = PBXFrameworksBuildPhase;
			buildActionMask = 2147483647;
			files = (
			);
			runOnlyForDeploymentPostprocessing = 0;
		};
		3BEAF2F821213D57003BE3A4 /* Frameworks */ = {
			isa = PBXFrameworksBuildPhase;
			buildActionMask = 2147483647;
			files = (
			);
			runOnlyForDeploymentPostprocessing = 0;
		};
/* End PBXFrameworksBuildPhase section */

/* Begin PBXGroup section */
		3BEAF2CC21213D56003BE3A4 = {
			isa = PBXGroup;
			children = (
				3BEAF2D721213D56003BE3A4 /* Cal */,
				3BEAF2F321213D57003BE3A4 /* CalTests */,
				3BEAF2FE21213D57003BE3A4 /* CalUITests */,
				3BEAF2D621213D56003BE3A4 /* Products */,
			);
			sourceTree = "<group>";
		};
		3BEAF2D621213D56003BE3A4 /* Products */ = {
			isa = PBXGroup;
			children = (
				3BEAF2D521213D56003BE3A4 /* Cal.app */,
				3BEAF2F021213D57003BE3A4 /* CalTests.xctest */,
				3BEAF2FB21213D57003BE3A4 /* CalUITests.xctest */,
			);
			name = Products;
			sourceTree = "<group>";
		};
		3BEAF2D721213D56003BE3A4 /* Cal */ = {
			isa = PBXGroup;
			children = (
				3BEAF30D21213D6A003BE3A4 /* readme.md */,
				3BEAF2D821213D56003BE3A4 /* AppDelegate.h */,
				3BEAF2D921213D56003BE3A4 /* AppDelegate.m */,
				3BEAF2DB21213D56003BE3A4 /* ViewController.h */,
				3BEAF2DC21213D56003BE3A4 /* ViewController.m */,
				3BEAF30F21215C4A003BE3A4 /* LJFastModel.h */,
				3BEAF31021215C4A003BE3A4 /* LJFastModel.m */,
				3BAF59EA212182C000455168 /* LJCalView.h */,
				3BAF59EB212182C000455168 /* LJCalView.m */,
				3BEAF2DE21213D56003BE3A4 /* Main.storyboard */,
				3BEAF2E421213D57003BE3A4 /* Assets.xcassets */,
				3BEAF2E621213D57003BE3A4 /* LaunchScreen.storyboard */,
				3BEAF2E921213D57003BE3A4 /* Info.plist */,
				3BEAF2EA21213D57003BE3A4 /* main.m */,
				3BEAF2E121213D56003BE3A4 /* Cal.xcdatamodeld */,
			);
			path = Cal;
			sourceTree = "<group>";
		};
		3BEAF2F321213D57003BE3A4 /* CalTests */ = {
			isa = PBXGroup;
			children = (
				3BEAF2F421213D57003BE3A4 /* CalTests.m */,
				3BEAF2F621213D57003BE3A4 /* Info.plist */,
			);
			path = CalTests;
			sourceTree = "<group>";
		};
		3BEAF2FE21213D57003BE3A4 /* CalUITests */ = {
			isa = PBXGroup;
			children = (
				3BEAF2FF21213D57003BE3A4 /* CalUITests.m */,
				3BEAF30121213D57003BE3A4 /* Info.plist */,
			);
			path = CalUITests;
			sourceTree = "<group>";
		};
/* End PBXGroup section */

/* Begin PBXNativeTarget section */
		3BEAF2D421213D56003BE3A4 /* Cal */ = {
			isa = PBXNativeTarget;
			buildConfigurationList = 3BEAF30421213D57003BE3A4 /* Build configuration list for PBXNativeTarget "Cal" */;
			buildPhases = (
				3BEAF2D121213D56003BE3A4 /* Sources */,
				3BEAF2D221213D56003BE3A4 /* Frameworks */,
				3BEAF2D321213D56003BE3A4 /* Resources */,
			);
			buildRules = (
			);
			dependencies = (
			);
			name = Cal;
			productName = Cal;
			productReference = 3BEAF2D521213D56003BE3A4 /* Cal.app */;
			productType = "com.apple.product-type.application";
		};
		3BEAF2EF21213D57003BE3A4 /* CalTests */ = {
			isa = PBXNativeTarget;
			buildConfigurationList = 3BEAF30721213D57003BE3A4 /* Build configuration list for PBXNativeTarget "CalTests" */;
			buildPhases = (
				3BEAF2EC21213D57003BE3A4 /* Sources */,
				3BEAF2ED21213D57003BE3A4 /* Frameworks */,
				3BEAF2EE21213D57003BE3A4 /* Resources */,
			);
			buildRules = (
			);
			dependencies = (
				3BEAF2F221213D57003BE3A4 /* PBXTargetDependency */,
			);
			name = CalTests;
			productName = CalTests;
			productReference = 3BEAF2F021213D57003BE3A4 /* CalTests.xctest */;
			productType = "com.apple.product-type.bundle.unit-test";
		};
		3BEAF2FA21213D57003BE3A4 /* CalUITests */ = {
			isa = PBXNativeTarget;
			buildConfigurationList = 3BEAF30A21213D57003BE3A4 /* Build configuration list for PBXNativeTarget "CalUITests" */;
			buildPhases = (
				3BEAF2F721213D57003BE3A4 /* Sources */,
				3BEAF2F821213D57003BE3A4 /* Frameworks */,
				3BEAF2F921213D57003BE3A4 /* Resources */,
			);
			buildRules = (
			);
			dependencies = (
				3BEAF2FD21213D57003BE3A4 /* PBXTargetDependency */,
			);
			name = CalUITests;
			productName = CalUITests;
			productReference = 3BEAF2FB21213D57003BE3A4 /* CalUITests.xctest */;
			productType = "com.apple.product-type.bundle.ui-testing";
		};
/* End PBXNativeTarget section */

/* Begin PBXProject section */
		3BEAF2CD21213D56003BE3A4 /* Project object */ = {
			isa = PBXProject;
			attributes = {
				LastUpgradeCheck = 0940;
				ORGANIZATIONNAME = sunhao;
				TargetAttributes = {
					3BEAF2D421213D56003BE3A4 = {
						CreatedOnToolsVersion = 9.4.1;
					};
					3BEAF2EF21213D57003BE3A4 = {
						CreatedOnToolsVersion = 9.4.1;
						TestTargetID = 3BEAF2D421213D56003BE3A4;
					};
					3BEAF2FA21213D57003BE3A4 = {
						CreatedOnToolsVersion = 9.4.1;
						TestTargetID = 3BEAF2D421213D56003BE3A4;
					};
				};
			};
			buildConfigurationList = 3BEAF2D021213D56003BE3A4 /* Build configuration list for PBXProject "Cal" */;
			compatibilityVersion = "Xcode 9.3";
			developmentRegion = en;
			hasScannedForEncodings = 0;
			knownRegions = (
				en,
				Base,
			);
			mainGroup = 3BEAF2CC21213D56003BE3A4;
			productRefGroup = 3BEAF2D621213D56003BE3A4 /* Products */;
			projectDirPath = "";
			projectRoot = "";
			targets = (
				3BEAF2D421213D56003BE3A4 /* Cal */,
				3BEAF2EF21213D57003BE3A4 /* CalTests */,
				3BEAF2FA21213D57003BE3A4 /* CalUITests */,
			);
		};
/* End PBXProject section */

/* Begin PBXResourcesBuildPhase section */
		3BEAF2D321213D56003BE3A4 /* Resources */ = {
			isa = PBXResourcesBuildPhase;
			buildActionMask = 2147483647;
			files = (
				3BEAF30E21213D6A003BE3A4 /* readme.md in Resources */,
				3BEAF2E821213D57003BE3A4 /* LaunchScreen.storyboard in Resources */,
				3BEAF2E521213D57003BE3A4 /* Assets.xcassets in Resources */,
				3BEAF2E021213D56003BE3A4 /* Main.storyboard in Resources */,
			);
			runOnlyForDeploymentPostprocessing = 0;
		};
		3BEAF2EE21213D57003BE3A4 /* Resources */ = {
			isa = PBXResourcesBuildPhase;
			buildActionMask = 2147483647;
			files = (
			);
			runOnlyForDeploymentPostprocessing = 0;
		};
		3BEAF2F921213D57003BE3A4 /* Resources */ = {
			isa = PBXResourcesBuildPhase;
			buildActionMask = 2147483647;
			files = (
			);
			runOnlyForDeploymentPostprocessing = 0;
		};
/* End PBXResourcesBuildPhase section */

/* Begin PBXSourcesBuildPhase section */
		3BEAF2D121213D56003BE3A4 /* Sources */ = {
			isa = PBXSourcesBuildPhase;
			buildActionMask = 2147483647;
			files = (
				3BEAF2E321213D56003BE3A4 /* Cal.xcdatamodeld in Sources */,
				3BAF59EC212182C000455168 /* LJCalView.m in Sources */,
				3BEAF2DD21213D56003BE3A4 /* ViewController.m in Sources */,
				3BEAF2EB21213D57003BE3A4 /* main.m in Sources */,
				3BEAF2DA21213D56003BE3A4 /* AppDelegate.m in Sources */,
				3BEAF31121215C4A003BE3A4 /* LJFastModel.m in Sources */,
			);
			runOnlyForDeploymentPostprocessing = 0;
		};
		3BEAF2EC21213D57003BE3A4 /* Sources */ = {
			isa = PBXSourcesBuildPhase;
			buildActionMask = 2147483647;
			files = (
				3BEAF2F521213D57003BE3A4 /* CalTests.m in Sources */,
			);
			runOnlyForDeploymentPostprocessing = 0;
		};
		3BEAF2F721213D57003BE3A4 /* Sources */ = {
			isa = PBXSourcesBuildPhase;
			buildActionMask = 2147483647;
			files = (
				3BEAF30021213D57003BE3A4 /* CalUITests.m in Sources */,
			);
			runOnlyForDeploymentPostprocessing = 0;
		};
/* End PBXSourcesBuildPhase section */

/* Begin PBXTargetDependency section */
		3BEAF2F221213D57003BE3A4 /* PBXTargetDependency */ = {
			isa = PBXTargetDependency;
			target = 3BEAF2D421213D56003BE3A4 /* Cal */;
			targetProxy = 3BEAF2F121213D57003BE3A4 /* PBXContainerItemProxy */;
		};
		3BEAF2FD21213D57003BE3A4 /* PBXTargetDependency */ = {
			isa = PBXTargetDependency;
			target = 3BEAF2D421213D56003BE3A4 /* Cal */;
			targetProxy = 3BEAF2FC21213D57003BE3A4 /* PBXContainerItemProxy */;
		};
/* End PBXTargetDependency section */

/* Begin PBXVariantGroup section */
		3BEAF2DE21213D56003BE3A4 /* Main.storyboard */ = {
			isa = PBXVariantGroup;
			children = (
				3BEAF2DF21213D56003BE3A4 /* Base */,
			);
			name = Main.storyboard;
			sourceTree = "<group>";
		};
		3BEAF2E621213D57003BE3A4 /* LaunchScreen.storyboard */ = {
			isa = PBXVariantGroup;
			children = (
				3BEAF2E721213D57003BE3A4 /* Base */,
			);
			name = LaunchScreen.storyboard;
			sourceTree = "<group>";
		};
/* End PBXVariantGroup section */

/* Begin XCBuildConfiguration section */
		3BEAF30221213D57003BE3A4 /* Debug */ = {
			isa = XCBuildConfiguration;
			buildSettings = {
				ALWAYS_SEARCH_USER_PATHS = NO;
				CLANG_ANALYZER_NONNULL = YES;
				CLANG_ANALYZER_NUMBER_OBJECT_CONVERSION = YES_AGGRESSIVE;
				CLANG_CXX_LANGUAGE_STANDARD = "gnu++14";
				CLANG_CXX_LIBRARY = "libc++";
				CLANG_ENABLE_MODULES = YES;
				CLANG_ENABLE_OBJC_ARC = YES;
				CLANG_ENABLE_OBJC_WEAK = YES;
				CLANG_WARN_BLOCK_CAPTURE_AUTORELEASING = YES;
				CLANG_WARN_BOOL_CONVERSION = YES;
				CLANG_WARN_COMMA = YES;
				CLANG_WARN_CONSTANT_CONVERSION = YES;
				CLANG_WARN_DEPRECATED_OBJC_IMPLEMENTATIONS = YES;
				CLANG_WARN_DIRECT_OBJC_ISA_USAGE = YES_ERROR;
				CLANG_WARN_DOCUMENTATION_COMMENTS = YES;
				CLANG_WARN_EMPTY_BODY = YES;
				CLANG_WARN_ENUM_CONVERSION = YES;
				CLANG_WARN_INFINITE_RECURSION = YES;
				CLANG_WARN_INT_CONVERSION = YES;
				CLANG_WARN_NON_LITERAL_NULL_CONVERSION = YES;
				CLANG_WARN_OBJC_IMPLICIT_RETAIN_SELF = YES;
				CLANG_WARN_OBJC_LITERAL_CONVERSION = YES;
				CLANG_WARN_OBJC_ROOT_CLASS = YES_ERROR;
				CLANG_WARN_RANGE_LOOP_ANALYSIS = YES;
				CLANG_WARN_STRICT_PROTOTYPES = YES;
				CLANG_WARN_SUSPICIOUS_MOVE = YES;
				CLANG_WARN_UNGUARDED_AVAILABILITY = YES_AGGRESSIVE;
				CLANG_WARN_UNREACHABLE_CODE = YES;
				CLANG_WARN__DUPLICATE_METHOD_MATCH = YES;
				CODE_SIGN_IDENTITY = "iPhone Developer";
				COPY_PHASE_STRIP = NO;
				DEBUG_INFORMATION_FORMAT = dwarf;
				ENABLE_STRICT_OBJC_MSGSEND = YES;
				ENABLE_TESTABILITY = YES;
				GCC_C_LANGUAGE_STANDARD = gnu11;
				GCC_DYNAMIC_NO_PIC = NO;
				GCC_NO_COMMON_BLOCKS = YES;
				GCC_OPTIMIZATION_LEVEL = 0;
				GCC_PREPROCESSOR_DEFINITIONS = (
					"DEBUG=1",
					"$(inherited)",
				);
				GCC_WARN_64_TO_32_BIT_CONVERSION = YES;
				GCC_WARN_ABOUT_RETURN_TYPE = YES_ERROR;
				GCC_WARN_UNDECLARED_SELECTOR = YES;
				GCC_WARN_UNINITIALIZED_AUTOS = YES_AGGRESSIVE;
				GCC_WARN_UNUSED_FUNCTION = YES;
				GCC_WARN_UNUSED_VARIABLE = YES;
				IPHONEOS_DEPLOYMENT_TARGET = 11.4;
				MTL_ENABLE_DEBUG_INFO = YES;
				ONLY_ACTIVE_ARCH = YES;
				SDKROOT = iphoneos;
			};
			name = Debug;
		};
		3BEAF30321213D57003BE3A4 /* Release */ = {
			isa = XCBuildConfiguration;
			buildSettings = {
				ALWAYS_SEARCH_USER_PATHS = NO;
				CLANG_ANALYZER_NONNULL = YES;
				CLANG_ANALYZER_NUMBER_OBJECT_CONVERSION = YES_AGGRESSIVE;
				CLANG_CXX_LANGUAGE_STANDARD = "gnu++14";
				CLANG_CXX_LIBRARY = "libc++";
				CLANG_ENABLE_MODULES = YES;
				CLANG_ENABLE_OBJC_ARC = YES;
				CLANG_ENABLE_OBJC_WEAK = YES;
				CLANG_WARN_BLOCK_CAPTURE_AUTORELEASING = YES;
				CLANG_WARN_BOOL_CONVERSION = YES;
				CLANG_WARN_COMMA = YES;
				CLANG_WARN_CONSTANT_CONVERSION = YES;
				CLANG_WARN_DEPRECATED_OBJC_IMPLEMENTATIONS = YES;
				CLANG_WARN_DIRECT_OBJC_ISA_USAGE = YES_ERROR;
				CLANG_WARN_DOCUMENTATION_COMMENTS = YES;
				CLANG_WARN_EMPTY_BODY = YES;
				CLANG_WARN_ENUM_CONVERSION = YES;
				CLANG_WARN_INFINITE_RECURSION = YES;
				CLANG_WARN_INT_CONVERSION = YES;
				CLANG_WARN_NON_LITERAL_NULL_CONVERSION = YES;
				CLANG_WARN_OBJC_IMPLICIT_RETAIN_SELF = YES;
				CLANG_WARN_OBJC_LITERAL_CONVERSION = YES;
				CLANG_WARN_OBJC_ROOT_CLASS = YES_ERROR;
				CLANG_WARN_RANGE_LOOP_ANALYSIS = YES;
				CLANG_WARN_STRICT_PROTOTYPES = YES;
				CLANG_WARN_SUSPICIOUS_MOVE = YES;
				CLANG_WARN_UNGUARDED_AVAILABILITY = YES_AGGRESSIVE;
				CLANG_WARN_UNREACHABLE_CODE = YES;
				CLANG_WARN__DUPLICATE_METHOD_MATCH = YES;
				CODE_SIGN_IDENTITY = "iPhone Developer";
				COPY_PHASE_STRIP = NO;
				DEBUG_INFORMATION_FORMAT = "dwarf-with-dsym";
				ENABLE_NS_ASSERTIONS = NO;
				ENABLE_STRICT_OBJC_MSGSEND = YES;
				GCC_C_LANGUAGE_STANDARD = gnu11;
				GCC_NO_COMMON_BLOCKS = YES;
				GCC_WARN_64_TO_32_BIT_CONVERSION = YES;
				GCC_WARN_ABOUT_RETURN_TYPE = YES_ERROR;
				GCC_WARN_UNDECLARED_SELECTOR = YES;
				GCC_WARN_UNINITIALIZED_AUTOS = YES_AGGRESSIVE;
				GCC_WARN_UNUSED_FUNCTION = YES;
				GCC_WARN_UNUSED_VARIABLE = YES;
				IPHONEOS_DEPLOYMENT_TARGET = 11.4;
				MTL_ENABLE_DEBUG_INFO = NO;
				SDKROOT = iphoneos;
				VALIDATE_PRODUCT = YES;
			};
			name = Release;
		};
		3BEAF30521213D57003BE3A4 /* Debug */ = {
			isa = XCBuildConfiguration;
			buildSettings = {
				ASSETCATALOG_COMPILER_APPICON_NAME = AppIcon;
				CODE_SIGN_STYLE = Automatic;
				DEVELOPMENT_TEAM = 687578X8YU;
				INFOPLIST_FILE = Cal/Info.plist;
				IPHONEOS_DEPLOYMENT_TARGET = 9.0;
				LD_RUNPATH_SEARCH_PATHS = (
					"$(inherited)",
					"@executable_path/Frameworks",
				);
				PRODUCT_BUNDLE_IDENTIFIER = shCal;
				PRODUCT_NAME = "$(TARGET_NAME)";
				TARGETED_DEVICE_FAMILY = "1,2";
			};
			name = Debug;
		};
		3BEAF30621213D57003BE3A4 /* Release */ = {
			isa = XCBuildConfiguration;
			buildSettings = {
				ASSETCATALOG_COMPILER_APPICON_NAME = AppIcon;
				CODE_SIGN_STYLE = Automatic;
				DEVELOPMENT_TEAM = 687578X8YU;
				INFOPLIST_FILE = Cal/Info.plist;
				IPHONEOS_DEPLOYMENT_TARGET = 9.0;
				LD_RUNPATH_SEARCH_PATHS = (
					"$(inherited)",
					"@executable_path/Frameworks",
				);
				PRODUCT_BUNDLE_IDENTIFIER = shCal;
				PRODUCT_NAME = "$(TARGET_NAME)";
				TARGETED_DEVICE_FAMILY = "1,2";
			};
			name = Release;
		};
		3BEAF30821213D57003BE3A4 /* Debug */ = {
			isa = XCBuildConfiguration;
			buildSettings = {
				BUNDLE_LOADER = "$(TEST_HOST)";
				CODE_SIGN_STYLE = Automatic;
				DEVELOPMENT_TEAM = K6PLVUGV9C;
				INFOPLIST_FILE = CalTests/Info.plist;
				LD_RUNPATH_SEARCH_PATHS = (
					"$(inherited)",
					"@executable_path/Frameworks",
					"@loader_path/Frameworks",
				);
				PRODUCT_BUNDLE_IDENTIFIER = LJ.CalTests;
				PRODUCT_NAME = "$(TARGET_NAME)";
				TARGETED_DEVICE_FAMILY = "1,2";
				TEST_HOST = "$(BUILT_PRODUCTS_DIR)/Cal.app/Cal";
			};
			name = Debug;
		};
		3BEAF30921213D57003BE3A4 /* Release */ = {
			isa = XCBuildConfiguration;
			buildSettings = {
				BUNDLE_LOADER = "$(TEST_HOST)";
				CODE_SIGN_STYLE = Automatic;
				DEVELOPMENT_TEAM = K6PLVUGV9C;
				INFOPLIST_FILE = CalTests/Info.plist;
				LD_RUNPATH_SEARCH_PATHS = (
					"$(inherited)",
					"@executable_path/Frameworks",
					"@loader_path/Frameworks",
				);
				PRODUCT_BUNDLE_IDENTIFIER = LJ.CalTests;
				PRODUCT_NAME = "$(TARGET_NAME)";
				TARGETED_DEVICE_FAMILY = "1,2";
				TEST_HOST = "$(BUILT_PRODUCTS_DIR)/Cal.app/Cal";
			};
			name = Release;
		};
		3BEAF30B21213D57003BE3A4 /* Debug */ = {
			isa = XCBuildConfiguration;
			buildSettings = {
				CODE_SIGN_STYLE = Automatic;
				DEVELOPMENT_TEAM = K6PLVUGV9C;
				INFOPLIST_FILE = CalUITests/Info.plist;
				LD_RUNPATH_SEARCH_PATHS = (
					"$(inherited)",
					"@executable_path/Frameworks",
					"@loader_path/Frameworks",
				);
				PRODUCT_BUNDLE_IDENTIFIER = LJ.CalUITests;
				PRODUCT_NAME = "$(TARGET_NAME)";
				TARGETED_DEVICE_FAMILY = "1,2";
				TEST_TARGET_NAME = Cal;
			};
			name = Debug;
		};
		3BEAF30C21213D57003BE3A4 /* Release */ = {
			isa = XCBuildConfiguration;
			buildSettings = {
				CODE_SIGN_STYLE = Automatic;
				DEVELOPMENT_TEAM = K6PLVUGV9C;
				INFOPLIST_FILE = CalUITests/Info.plist;
				LD_RUNPATH_SEARCH_PATHS = (
					"$(inherited)",
					"@executable_path/Frameworks",
					"@loader_path/Frameworks",
				);
				PRODUCT_BUNDLE_IDENTIFIER = LJ.CalUITests;
				PRODUCT_NAME = "$(TARGET_NAME)";
				TARGETED_DEVICE_FAMILY = "1,2";
				TEST_TARGET_NAME = Cal;
			};
			name = Release;
		};
/* End XCBuildConfiguration section */

/* Begin XCConfigurationList section */
		3BEAF2D021213D56003BE3A4 /* Build configuration list for PBXProject "Cal" */ = {
			isa = XCConfigurationList;
			buildConfigurations = (
				3BEAF30221213D57003BE3A4 /* Debug */,
				3BEAF30321213D57003BE3A4 /* Release */,
			);
			defaultConfigurationIsVisible = 0;
			defaultConfigurationName = Release;
		};
		3BEAF30421213D57003BE3A4 /* Build configuration list for PBXNativeTarget "Cal" */ = {
			isa = XCConfigurationList;
			buildConfigurations = (
				3BEAF30521213D57003BE3A4 /* Debug */,
				3BEAF30621213D57003BE3A4 /* Release */,
			);
			defaultConfigurationIsVisible = 0;
			defaultConfigurationName = Release;
		};
		3BEAF30721213D57003BE3A4 /* Build configuration list for PBXNativeTarget "CalTests" */ = {
			isa = XCConfigurationList;
			buildConfigurations = (
				3BEAF30821213D57003BE3A4 /* Debug */,
				3BEAF30921213D57003BE3A4 /* Release */,
			);
			defaultConfigurationIsVisible = 0;
			defaultConfigurationName = Release;
		};
		3BEAF30A21213D57003BE3A4 /* Build configuration list for PBXNativeTarget "CalUITests" */ = {
			isa = XCConfigurationList;
			buildConfigurations = (
				3BEAF30B21213D57003BE3A4 /* Debug */,
				3BEAF30C21213D57003BE3A4 /* Release */,
			);
			defaultConfigurationIsVisible = 0;
			defaultConfigurationName = Release;
		};
/* End XCConfigurationList section */

/* Begin XCVersionGroup section */
		3BEAF2E121213D56003BE3A4 /* Cal.xcdatamodeld */ = {
			isa = XCVersionGroup;
			children = (
				3BEAF2E221213D56003BE3A4 /* Cal.xcdatamodel */,
			);
			currentVersion = 3BEAF2E221213D56003BE3A4 /* Cal.xcdatamodel */;
			path = Cal.xcdatamodeld;
			sourceTree = "<group>";
			versionGroupType = wrapper.xcdatamodel;
		};
/* End XCVersionGroup section */
	};
	rootObject = 3BEAF2CD21213D56003BE3A4 /* Project object */;
}
